
Microsoft Visual Studio Solution File, Format Version 12.00
# Visual Studio Version 16
VisualStudioVersion = 16.0.28803.202
MinimumVisualStudioVersion = 10.0.40219.1
Project("{FAE04EC0-301F-11D3-BF4B-00C04F79EFBC}") = "Multipart.XMixedReplace", "Multipart.XMixedReplace\Multipart.XMixedReplace.csproj", "{D2B8D7E1-7A5D-4D1F-98F9-3CFD37F80C4A}"
EndProject
Project("{2150E333-8FDC-42A3-9474-1A3956D46DE8}") = "Solution Items", "Solution Items", "{D4731FC5-65CF-4035-A068-F511F3C80170}"
	ProjectSection(SolutionItems) = preProject
		.gitignore = .gitignore
	EndProjectSection
EndProject
Global
	GlobalSection(SolutionConfigurationPlatforms) = preSolution
		Debug|Any CPU = Debug|Any CPU
		Release|Any CPU = Release|Any CPU
	EndGlobalSection
	GlobalSection(ProjectConfigurationPlatforms) = postSolution
		{D2B8D7E1-7A5D-4D1F-98F9-3CFD37F80C4A}.Debug|Any CPU.ActiveCfg = Debug|Any CPU
		{D2B8D7E1-7A5D-4D1F-98F9-3CFD37F80C4A}.Debug|Any CPU.Build.0 = Debug|Any CPU
		{D2B8D7E1-7A5D-4D1F-98F9-3CFD37F80C4A}.Release|Any CPU.ActiveCfg = Release|Any CPU
		{D2B8D7E1-7A5D-4D1F-98F9-3CFD37F80C4A}.Release|Any CPU.Build.0 = Release|Any CPU
	EndGlobalSection
	GlobalSection(SolutionProperties) = preSolution
		HideSolutionNode = FALSE
	EndGlobalSection
	GlobalSection(ExtensibilityGlobals) = postSolution
		SolutionGuid = {E003751E-5E61-461F-90DC-3ACFA03B24AF}
	EndGlobalSection
EndGlobal
